
Microsoft Visual Studio Solution File, Format Version 12.00
# Visual Studio Version 17
VisualStudioVersion = 17.5.33414.496
MinimumVisualStudioVersion = 10.0.40219.1
Project("{FAE04EC0-301F-11D3-BF4B-00C04F79EFBC}") = "EntityLayer", "EntityLayer\EntityLayer.csproj", "{D13E938F-CD91-49BB-9B8E-C889D18578BD}"
EndProject
Project("{FAE04EC0-301F-11D3-BF4B-00C04F79EFBC}") = "DataAccessLayer", "DataAccessLayer\DataAccessLayer.csproj", "{926AE3E2-1252-49F8-BFC9-B4EE7E10C9E4}"
EndProject
Project("{FAE04EC0-301F-11D3-BF4B-00C04F79EFBC}") = "BlogPage", "BlogPage\BlogPage.csproj", "{E0355ACE-D712-4E27-98C1-894FE5689ACE}"
EndProject
Global
	GlobalSection(SolutionConfigurationPlatforms) = preSolution
		Debug|Any CPU = Debug|Any CPU
		Release|Any CPU = Release|Any CPU
	EndGlobalSection
	GlobalSection(ProjectConfigurationPlatforms) = postSolution
		{D13E938F-CD91-49BB-9B8E-C889D18578BD}.Debug|Any CPU.ActiveCfg = Debug|Any CPU
		{D13E938F-CD91-49BB-9B8E-C889D18578BD}.Debug|Any CPU.Build.0 = Debug|Any CPU
		{D13E938F-CD91-49BB-9B8E-C889D18578BD}.Release|Any CPU.ActiveCfg = Release|Any CPU
		{D13E938F-CD91-49BB-9B8E-C889D18578BD}.Release|Any CPU.Build.0 = Release|Any CPU
		{926AE3E2-1252-49F8-BFC9-B4EE7E10C9E4}.Debug|Any CPU.ActiveCfg = Debug|Any CPU
		{926AE3E2-1252-49F8-BFC9-B4EE7E10C9E4}.Debug|Any CPU.Build.0 = Debug|Any CPU
		{926AE3E2-1252-49F8-BFC9-B4EE7E10C9E4}.Release|Any CPU.ActiveCfg = Release|Any CPU
		{926AE3E2-1252-49F8-BFC9-B4EE7E10C9E4}.Release|Any CPU.Build.0 = Release|Any CPU
		{E0355ACE-D712-4E27-98C1-894FE5689ACE}.Debug|Any CPU.ActiveCfg = Debug|Any CPU
		{E0355ACE-D712-4E27-98C1-894FE5689ACE}.Debug|Any CPU.Build.0 = Debug|Any CPU
		{E0355ACE-D712-4E27-98C1-894FE5689ACE}.Release|Any CPU.ActiveCfg = Release|Any CPU
		{E0355ACE-D712-4E27-98C1-894FE5689ACE}.Release|Any CPU.Build.0 = Release|Any CPU
	EndGlobalSection
	GlobalSection(SolutionProperties) = preSolution
		HideSolutionNode = FALSE
	EndGlobalSection
	GlobalSection(ExtensibilityGlobals) = postSolution
		SolutionGuid = {1FCC8F47-91CC-4677-BB83-FB5CF824BCC9}
	EndGlobalSection
EndGlobal
